// !$*UTF8*$!
{
	archiveVersion = 1;
	classes = {
	};
	objectVersion = 55;
	objects = {

/* Begin PBXBuildFile section */
		15F42C2C5BA056FD8C755C41 /* libPods-YGO-VIPER.a in Frameworks */ = {isa = PBXBuildFile; fileRef = 90D2D833CCA6C2DF6F98B7BF /* libPods-YGO-VIPER.a */; };
		4F1E868727DA76B400085931 /* AppDelegate.swift in Sources */ = {isa = PBXBuildFile; fileRef = 4F1E868627DA76B400085931 /* AppDelegate.swift */; };
		4F1E868927DA76B400085931 /* SceneDelegate.swift in Sources */ = {isa = PBXBuildFile; fileRef = 4F1E868827DA76B400085931 /* SceneDelegate.swift */; };
		4F1E869027DA76B500085931 /* Assets.xcassets in Resources */ = {isa = PBXBuildFile; fileRef = 4F1E868F27DA76B500085931 /* Assets.xcassets */; };
		4F1E869327DA76B500085931 /* LaunchScreen.storyboard in Resources */ = {isa = PBXBuildFile; fileRef = 4F1E869127DA76B500085931 /* LaunchScreen.storyboard */; };
		4F1E869B27DA775800085931 /* HomeView.swift in Sources */ = {isa = PBXBuildFile; fileRef = 4F1E869A27DA775800085931 /* HomeView.swift */; };
		4F1E869D27DA776600085931 /* HomeInteractor.swift in Sources */ = {isa = PBXBuildFile; fileRef = 4F1E869C27DA776600085931 /* HomeInteractor.swift */; };
		4F1E869F27DA777800085931 /* HomePresenter.swift in Sources */ = {isa = PBXBuildFile; fileRef = 4F1E869E27DA777800085931 /* HomePresenter.swift */; };
		4F1E86A127DA779700085931 /* Entity.swift in Sources */ = {isa = PBXBuildFile; fileRef = 4F1E86A027DA779700085931 /* Entity.swift */; };
		4F1E86A327DA77B200085931 /* HomeRouter.swift in Sources */ = {isa = PBXBuildFile; fileRef = 4F1E86A227DA77B200085931 /* HomeRouter.swift */; };
		4F3366E427E19591005D897A /* ProtocolYGO.swift in Sources */ = {isa = PBXBuildFile; fileRef = 4F3366E327E19591005D897A /* ProtocolYGO.swift */; };
		4FAE1C7D27DEFCF600B94E4A /* DBYGOListCell.swift in Sources */ = {isa = PBXBuildFile; fileRef = 4FAE1C7B27DEFCF600B94E4A /* DBYGOListCell.swift */; };
		4FAE1C7E27DEFCF600B94E4A /* DBYGOListCell.xib in Resources */ = {isa = PBXBuildFile; fileRef = 4FAE1C7C27DEFCF600B94E4A /* DBYGOListCell.xib */; };
		4FBD9A5327DF828200714C9B /* DetailViewController.swift in Sources */ = {isa = PBXBuildFile; fileRef = 4FBD9A5127DF828200714C9B /* DetailViewController.swift */; };
		4FBD9A5427DF828200714C9B /* DetailViewController.xib in Resources */ = {isa = PBXBuildFile; fileRef = 4FBD9A5227DF828200714C9B /* DetailViewController.xib */; };
		4FBD9A5627DF863D00714C9B /* DetailInteractor.swift in Sources */ = {isa = PBXBuildFile; fileRef = 4FBD9A5527DF863D00714C9B /* DetailInteractor.swift */; };
		4FBD9A5827DF865600714C9B /* DetailPresenter.swift in Sources */ = {isa = PBXBuildFile; fileRef = 4FBD9A5727DF865600714C9B /* DetailPresenter.swift */; };
		4FBD9A5A27DF866500714C9B /* DetailRouter.swift in Sources */ = {isa = PBXBuildFile; fileRef = 4FBD9A5927DF866500714C9B /* DetailRouter.swift */; };
/* End PBXBuildFile section */

/* Begin PBXFileReference section */
		1823615280F09F7A592FDAF4 /* Pods-YGO-VIPER.release.xcconfig */ = {isa = PBXFileReference; includeInIndex = 1; lastKnownFileType = text.xcconfig; name = "Pods-YGO-VIPER.release.xcconfig"; path = "Target Support Files/Pods-YGO-VIPER/Pods-YGO-VIPER.release.xcconfig"; sourceTree = "<group>"; };
		4F1E868327DA76B400085931 /* YGO-VIPER.app */ = {isa = PBXFileReference; explicitFileType = wrapper.application; includeInIndex = 0; path = "YGO-VIPER.app"; sourceTree = BUILT_PRODUCTS_DIR; };
		4F1E868627DA76B400085931 /* AppDelegate.swift */ = {isa = PBXFileReference; lastKnownFileType = sourcecode.swift; path = AppDelegate.swift; sourceTree = "<group>"; };
		4F1E868827DA76B400085931 /* SceneDelegate.swift */ = {isa = PBXFileReference; lastKnownFileType = sourcecode.swift; path = SceneDelegate.swift; sourceTree = "<group>"; };
		4F1E868F27DA76B500085931 /* Assets.xcassets */ = {isa = PBXFileReference; lastKnownFileType = folder.assetcatalog; path = Assets.xcassets; sourceTree = "<group>"; };
		4F1E869227DA76B500085931 /* Base */ = {isa = PBXFileReference; lastKnownFileType = file.storyboard; name = Base; path = Base.lproj/LaunchScreen.storyboard; sourceTree = "<group>"; };
		4F1E869427DA76B500085931 /* Info.plist */ = {isa = PBXFileReference; lastKnownFileType = text.plist.xml; path = Info.plist; sourceTree = "<group>"; };
		4F1E869A27DA775800085931 /* HomeView.swift */ = {isa = PBXFileReference; lastKnownFileType = sourcecode.swift; path = HomeView.swift; sourceTree = "<group>"; };
		4F1E869C27DA776600085931 /* HomeInteractor.swift */ = {isa = PBXFileReference; lastKnownFileType = sourcecode.swift; path = HomeInteractor.swift; sourceTree = "<group>"; };
		4F1E869E27DA777800085931 /* HomePresenter.swift */ = {isa = PBXFileReference; lastKnownFileType = sourcecode.swift; path = HomePresenter.swift; sourceTree = "<group>"; };
		4F1E86A027DA779700085931 /* Entity.swift */ = {isa = PBXFileReference; lastKnownFileType = sourcecode.swift; path = Entity.swift; sourceTree = "<group>"; };
		4F1E86A227DA77B200085931 /* HomeRouter.swift */ = {isa = PBXFileReference; lastKnownFileType = sourcecode.swift; path = HomeRouter.swift; sourceTree = "<group>"; };
		4F3366E327E19591005D897A /* ProtocolYGO.swift */ = {isa = PBXFileReference; lastKnownFileType = sourcecode.swift; path = ProtocolYGO.swift; sourceTree = "<group>"; };
		4FAE1C7B27DEFCF600B94E4A /* DBYGOListCell.swift */ = {isa = PBXFileReference; lastKnownFileType = sourcecode.swift; path = DBYGOListCell.swift; sourceTree = "<group>"; };
		4FAE1C7C27DEFCF600B94E4A /* DBYGOListCell.xib */ = {isa = PBXFileReference; lastKnownFileType = file.xib; path = DBYGOListCell.xib; sourceTree = "<group>"; };
		4FBD9A5127DF828200714C9B /* DetailViewController.swift */ = {isa = PBXFileReference; lastKnownFileType = sourcecode.swift; path = DetailViewController.swift; sourceTree = "<group>"; };
		4FBD9A5227DF828200714C9B /* DetailViewController.xib */ = {isa = PBXFileReference; lastKnownFileType = file.xib; path = DetailViewController.xib; sourceTree = "<group>"; };
		4FBD9A5527DF863D00714C9B /* DetailInteractor.swift */ = {isa = PBXFileReference; lastKnownFileType = sourcecode.swift; path = DetailInteractor.swift; sourceTree = "<group>"; };
		4FBD9A5727DF865600714C9B /* DetailPresenter.swift */ = {isa = PBXFileReference; lastKnownFileType = sourcecode.swift; path = DetailPresenter.swift; sourceTree = "<group>"; };
		4FBD9A5927DF866500714C9B /* DetailRouter.swift */ = {isa = PBXFileReference; lastKnownFileType = sourcecode.swift; path = DetailRouter.swift; sourceTree = "<group>"; };
		90D2D833CCA6C2DF6F98B7BF /* libPods-YGO-VIPER.a */ = {isa = PBXFileReference; explicitFileType = archive.ar; includeInIndex = 0; path = "libPods-YGO-VIPER.a"; sourceTree = BUILT_PRODUCTS_DIR; };
		9B6D06221749375AE00DB1D3 /* Pods-YGO-VIPER.debug.xcconfig */ = {isa = PBXFileReference; includeInIndex = 1; lastKnownFileType = text.xcconfig; name = "Pods-YGO-VIPER.debug.xcconfig"; path = "Target Support Files/Pods-YGO-VIPER/Pods-YGO-VIPER.debug.xcconfig"; sourceTree = "<group>"; };
/* End PBXFileReference section */

/* Begin PBXFrameworksBuildPhase section */
		4F1E868027DA76B400085931 /* Frameworks */ = {
			isa = PBXFrameworksBuildPhase;
			buildActionMask = 2147483647;
			files = (
				15F42C2C5BA056FD8C755C41 /* libPods-YGO-VIPER.a in Frameworks */,
			);
			runOnlyForDeploymentPostprocessing = 0;
		};
/* End PBXFrameworksBuildPhase section */

/* Begin PBXGroup section */
		1804F35D9B1F66EF252B1B67 /* Pods */ = {
			isa = PBXGroup;
			children = (
				9B6D06221749375AE00DB1D3 /* Pods-YGO-VIPER.debug.xcconfig */,
				1823615280F09F7A592FDAF4 /* Pods-YGO-VIPER.release.xcconfig */,
			);
			path = Pods;
			sourceTree = "<group>";
		};
		4F1E867A27DA76B400085931 = {
			isa = PBXGroup;
			children = (
				4F1E868527DA76B400085931 /* YGO-VIPER */,
				4F1E868427DA76B400085931 /* Products */,
				1804F35D9B1F66EF252B1B67 /* Pods */,
				59BA84996EF8E7998B10BEEA /* Frameworks */,
			);
			sourceTree = "<group>";
		};
		4F1E868427DA76B400085931 /* Products */ = {
			isa = PBXGroup;
			children = (
				4F1E868327DA76B400085931 /* YGO-VIPER.app */,
			);
			name = Products;
			sourceTree = "<group>";
		};
		4F1E868527DA76B400085931 /* YGO-VIPER */ = {
			isa = PBXGroup;
			children = (
				4FBD9A4F27DF821E00714C9B /* Home */,
				4FBD9A5027DF824700714C9B /* Detail */,
				4F1E86A427DA783400085931 /* VIPER */,
				4F1E868827DA76B400085931 /* SceneDelegate.swift */,
				4F1E868627DA76B400085931 /* AppDelegate.swift */,
				4F3366E327E19591005D897A /* ProtocolYGO.swift */,
				4F1E868F27DA76B500085931 /* Assets.xcassets */,
				4F1E869127DA76B500085931 /* LaunchScreen.storyboard */,
				4F1E869427DA76B500085931 /* Info.plist */,
			);
			path = "YGO-VIPER";
			sourceTree = "<group>";
		};
		4F1E86A427DA783400085931 /* VIPER */ = {
			isa = PBXGroup;
			children = (
			);
			path = VIPER;
			sourceTree = "<group>";
		};
		4FBD9A4E27DF31B600714C9B /* View */ = {
			isa = PBXGroup;
			children = (
				4F1E869A27DA775800085931 /* HomeView.swift */,
				4FAE1C7B27DEFCF600B94E4A /* DBYGOListCell.swift */,
				4FAE1C7C27DEFCF600B94E4A /* DBYGOListCell.xib */,
			);
			path = View;
			sourceTree = "<group>";
		};
		4FBD9A4F27DF821E00714C9B /* Home */ = {
			isa = PBXGroup;
			children = (
				4FBD9A4E27DF31B600714C9B /* View */,
				4F1E869C27DA776600085931 /* HomeInteractor.swift */,
				4F1E869E27DA777800085931 /* HomePresenter.swift */,
				4F1E86A027DA779700085931 /* Entity.swift */,
				4F1E86A227DA77B200085931 /* HomeRouter.swift */,
			);
			path = Home;
			sourceTree = "<group>";
		};
		4FBD9A5027DF824700714C9B /* Detail */ = {
			isa = PBXGroup;
			children = (
				4FBD9A5127DF828200714C9B /* DetailViewController.swift */,
				4FBD9A5227DF828200714C9B /* DetailViewController.xib */,
				4FBD9A5527DF863D00714C9B /* DetailInteractor.swift */,
				4FBD9A5727DF865600714C9B /* DetailPresenter.swift */,
				4FBD9A5927DF866500714C9B /* DetailRouter.swift */,
			);
			path = Detail;
			sourceTree = "<group>";
		};
		59BA84996EF8E7998B10BEEA /* Frameworks */ = {
			isa = PBXGroup;
			children = (
				90D2D833CCA6C2DF6F98B7BF /* libPods-YGO-VIPER.a */,
			);
			name = Frameworks;
			sourceTree = "<group>";
		};
/* End PBXGroup section */

/* Begin PBXNativeTarget section */
		4F1E868227DA76B400085931 /* YGO-VIPER */ = {
			isa = PBXNativeTarget;
			buildConfigurationList = 4F1E869727DA76B500085931 /* Build configuration list for PBXNativeTarget "YGO-VIPER" */;
			buildPhases = (
				BADB67A9D68880DADCF64AD1 /* [CP] Check Pods Manifest.lock */,
				4F3366E727E1BEFC005D897A /* Swiftlin */,
				4F1E867F27DA76B400085931 /* Sources */,
				4F1E868027DA76B400085931 /* Frameworks */,
				4F1E868127DA76B400085931 /* Resources */,
			);
			buildRules = (
			);
			dependencies = (
			);
			name = "YGO-VIPER";
			productName = "YGO-VIPER";
			productReference = 4F1E868327DA76B400085931 /* YGO-VIPER.app */;
			productType = "com.apple.product-type.application";
		};
/* End PBXNativeTarget section */

/* Begin PBXProject section */
		4F1E867B27DA76B400085931 /* Project object */ = {
			isa = PBXProject;
			attributes = {
				BuildIndependentTargetsInParallel = 1;
				LastSwiftUpdateCheck = 1320;
				LastUpgradeCheck = 1320;
				TargetAttributes = {
					4F1E868227DA76B400085931 = {
						CreatedOnToolsVersion = 13.2.1;
					};
				};
			};
			buildConfigurationList = 4F1E867E27DA76B400085931 /* Build configuration list for PBXProject "YGO-VIPER" */;
			compatibilityVersion = "Xcode 13.0";
			developmentRegion = en;
			hasScannedForEncodings = 0;
			knownRegions = (
				en,
				Base,
			);
			mainGroup = 4F1E867A27DA76B400085931;
			productRefGroup = 4F1E868427DA76B400085931 /* Products */;
			projectDirPath = "";
			projectRoot = "";
			targets = (
				4F1E868227DA76B400085931 /* YGO-VIPER */,
			);
		};
/* End PBXProject section */

/* Begin PBXResourcesBuildPhase section */
		4F1E868127DA76B400085931 /* Resources */ = {
			isa = PBXResourcesBuildPhase;
			buildActionMask = 2147483647;
			files = (
				4FAE1C7E27DEFCF600B94E4A /* DBYGOListCell.xib in Resources */,
				4F1E869327DA76B500085931 /* LaunchScreen.storyboard in Resources */,
				4F1E869027DA76B500085931 /* Assets.xcassets in Resources */,
				4FBD9A5427DF828200714C9B /* DetailViewController.xib in Resources */,
			);
			runOnlyForDeploymentPostprocessing = 0;
		};
/* End PBXResourcesBuildPhase section */

/* Begin PBXShellScriptBuildPhase section */
		4F3366E727E1BEFC005D897A /* Swiftlin */ = {
			isa = PBXShellScriptBuildPhase;
			buildActionMask = 2147483647;
			files = (
			);
			inputFileListPaths = (
			);
			inputPaths = (
			);
			name = Swiftlin;
			outputFileListPaths = (
			);
			outputPaths = (
			);
			runOnlyForDeploymentPostprocessing = 0;
			shellPath = /bin/sh;
			shellScript = "\"${PODS_ROOT}/SwiftLint/swiftlint\"\n";
		};
		BADB67A9D68880DADCF64AD1 /* [CP] Check Pods Manifest.lock */ = {
			isa = PBXShellScriptBuildPhase;
			buildActionMask = 2147483647;
			files = (
			);
			inputFileListPaths = (
			);
			inputPaths = (
				"${PODS_PODFILE_DIR_PATH}/Podfile.lock",
				"${PODS_ROOT}/Manifest.lock",
			);
			name = "[CP] Check Pods Manifest.lock";
			outputFileListPaths = (
			);
			outputPaths = (
				"$(DERIVED_FILE_DIR)/Pods-YGO-VIPER-checkManifestLockResult.txt",
			);
			runOnlyForDeploymentPostprocessing = 0;
			shellPath = /bin/sh;
			shellScript = "diff \"${PODS_PODFILE_DIR_PATH}/Podfile.lock\" \"${PODS_ROOT}/Manifest.lock\" > /dev/null\nif [ $? != 0 ] ; then\n    # print error to STDERR\n    echo \"error: The sandbox is not in sync with the Podfile.lock. Run 'pod install' or update your CocoaPods installation.\" >&2\n    exit 1\nfi\n# This output is used by Xcode 'outputs' to avoid re-running this script phase.\necho \"SUCCESS\" > \"${SCRIPT_OUTPUT_FILE_0}\"\n";
			showEnvVarsInLog = 0;
		};
/* End PBXShellScriptBuildPhase section */

/* Begin PBXSourcesBuildPhase section */
		4F1E867F27DA76B400085931 /* Sources */ = {
			isa = PBXSourcesBuildPhase;
			buildActionMask = 2147483647;
			files = (
				4FBD9A5327DF828200714C9B /* DetailViewController.swift in Sources */,
				4FBD9A5627DF863D00714C9B /* DetailInteractor.swift in Sources */,
				4F1E869B27DA775800085931 /* HomeView.swift in Sources */,
				4F1E86A127DA779700085931 /* Entity.swift in Sources */,
				4FBD9A5827DF865600714C9B /* DetailPresenter.swift in Sources */,
				4F1E868727DA76B400085931 /* AppDelegate.swift in Sources */,
				4F1E869F27DA777800085931 /* HomePresenter.swift in Sources */,
				4F1E86A327DA77B200085931 /* HomeRouter.swift in Sources */,
				4F3366E427E19591005D897A /* ProtocolYGO.swift in Sources */,
				4F1E869D27DA776600085931 /* HomeInteractor.swift in Sources */,
				4FBD9A5A27DF866500714C9B /* DetailRouter.swift in Sources */,
				4F1E868927DA76B400085931 /* SceneDelegate.swift in Sources */,
				4FAE1C7D27DEFCF600B94E4A /* DBYGOListCell.swift in Sources */,
			);
			runOnlyForDeploymentPostprocessing = 0;
		};
/* End PBXSourcesBuildPhase section */

/* Begin PBXVariantGroup section */
		4F1E869127DA76B500085931 /* LaunchScreen.storyboard */ = {
			isa = PBXVariantGroup;
			children = (
				4F1E869227DA76B500085931 /* Base */,
			);
			name = LaunchScreen.storyboard;
			sourceTree = "<group>";
		};
/* End PBXVariantGroup section */

/* Begin XCBuildConfiguration section */
		4F1E869527DA76B500085931 /* Debug */ = {
			isa = XCBuildConfiguration;
			buildSettings = {
				ALWAYS_SEARCH_USER_PATHS = NO;
				CLANG_ANALYZER_NONNULL = YES;
				CLANG_ANALYZER_NUMBER_OBJECT_CONVERSION = YES_AGGRESSIVE;
				CLANG_CXX_LANGUAGE_STANDARD = "gnu++17";
				CLANG_CXX_LIBRARY = "libc++";
				CLANG_ENABLE_MODULES = YES;
				CLANG_ENABLE_OBJC_ARC = YES;
				CLANG_ENABLE_OBJC_WEAK = YES;
				CLANG_WARN_BLOCK_CAPTURE_AUTORELEASING = YES;
				CLANG_WARN_BOOL_CONVERSION = YES;
				CLANG_WARN_COMMA = YES;
				CLANG_WARN_CONSTANT_CONVERSION = YES;
				CLANG_WARN_DEPRECATED_OBJC_IMPLEMENTATIONS = YES;
				CLANG_WARN_DIRECT_OBJC_ISA_USAGE = YES_ERROR;
				CLANG_WARN_DOCUMENTATION_COMMENTS = YES;
				CLANG_WARN_EMPTY_BODY = YES;
				CLANG_WARN_ENUM_CONVERSION = YES;
				CLANG_WARN_INFINITE_RECURSION = YES;
				CLANG_WARN_INT_CONVERSION = YES;
				CLANG_WARN_NON_LITERAL_NULL_CONVERSION = YES;
				CLANG_WARN_OBJC_IMPLICIT_RETAIN_SELF = YES;
				CLANG_WARN_OBJC_LITERAL_CONVERSION = YES;
				CLANG_WARN_OBJC_ROOT_CLASS = YES_ERROR;
				CLANG_WARN_QUOTED_INCLUDE_IN_FRAMEWORK_HEADER = YES;
				CLANG_WARN_RANGE_LOOP_ANALYSIS = YES;
				CLANG_WARN_STRICT_PROTOTYPES = YES;
				CLANG_WARN_SUSPICIOUS_MOVE = YES;
				CLANG_WARN_UNGUARDED_AVAILABILITY = YES_AGGRESSIVE;
				CLANG_WARN_UNREACHABLE_CODE = YES;
				CLANG_WARN__DUPLICATE_METHOD_MATCH = YES;
				COPY_PHASE_STRIP = NO;
				DEBUG_INFORMATION_FORMAT = dwarf;
				ENABLE_STRICT_OBJC_MSGSEND = YES;
				ENABLE_TESTABILITY = YES;
				GCC_C_LANGUAGE_STANDARD = gnu11;
				GCC_DYNAMIC_NO_PIC = NO;
				GCC_NO_COMMON_BLOCKS = YES;
				GCC_OPTIMIZATION_LEVEL = 0;
				GCC_PREPROCESSOR_DEFINITIONS = (
					"DEBUG=1",
					"$(inherited)",
				);
				GCC_WARN_64_TO_32_BIT_CONVERSION = YES;
				GCC_WARN_ABOUT_RETURN_TYPE = YES_ERROR;
				GCC_WARN_UNDECLARED_SELECTOR = YES;
				GCC_WARN_UNINITIALIZED_AUTOS = YES_AGGRESSIVE;
				GCC_WARN_UNUSED_FUNCTION = YES;
				GCC_WARN_UNUSED_VARIABLE = YES;
				IPHONEOS_DEPLOYMENT_TARGET = 15.2;
				MTL_ENABLE_DEBUG_INFO = INCLUDE_SOURCE;
				MTL_FAST_MATH = YES;
				ONLY_ACTIVE_ARCH = YES;
				SDKROOT = iphoneos;
				SWIFT_ACTIVE_COMPILATION_CONDITIONS = DEBUG;
				SWIFT_OPTIMIZATION_LEVEL = "-Onone";
			};
			name = Debug;
		};
		4F1E869627DA76B500085931 /* Release */ = {
			isa = XCBuildConfiguration;
			buildSettings = {
				ALWAYS_SEARCH_USER_PATHS = NO;
				CLANG_ANALYZER_NONNULL = YES;
				CLANG_ANALYZER_NUMBER_OBJECT_CONVERSION = YES_AGGRESSIVE;
				CLANG_CXX_LANGUAGE_STANDARD = "gnu++17";
				CLANG_CXX_LIBRARY = "libc++";
				CLANG_ENABLE_MODULES = YES;
				CLANG_ENABLE_OBJC_ARC = YES;
				CLANG_ENABLE_OBJC_WEAK = YES;
				CLANG_WARN_BLOCK_CAPTURE_AUTORELEASING = YES;
				CLANG_WARN_BOOL_CONVERSION = YES;
				CLANG_WARN_COMMA = YES;
				CLANG_WARN_CONSTANT_CONVERSION = YES;
				CLANG_WARN_DEPRECATED_OBJC_IMPLEMENTATIONS = YES;
				CLANG_WARN_DIRECT_OBJC_ISA_USAGE = YES_ERROR;
				CLANG_WARN_DOCUMENTATION_COMMENTS = YES;
				CLANG_WARN_EMPTY_BODY = YES;
				CLANG_WARN_ENUM_CONVERSION = YES;
				CLANG_WARN_INFINITE_RECURSION = YES;
				CLANG_WARN_INT_CONVERSION = YES;
				CLANG_WARN_NON_LITERAL_NULL_CONVERSION = YES;
				CLANG_WARN_OBJC_IMPLICIT_RETAIN_SELF = YES;
				CLANG_WARN_OBJC_LITERAL_CONVERSION = YES;
				CLANG_WARN_OBJC_ROOT_CLASS = YES_ERROR;
				CLANG_WARN_QUOTED_INCLUDE_IN_FRAMEWORK_HEADER = YES;
				CLANG_WARN_RANGE_LOOP_ANALYSIS = YES;
				CLANG_WARN_STRICT_PROTOTYPES = YES;
				CLANG_WARN_SUSPICIOUS_MOVE = YES;
				CLANG_WARN_UNGUARDED_AVAILABILITY = YES_AGGRESSIVE;
				CLANG_WARN_UNREACHABLE_CODE = YES;
				CLANG_WARN__DUPLICATE_METHOD_MATCH = YES;
				COPY_PHASE_STRIP = NO;
				DEBUG_INFORMATION_FORMAT = "dwarf-with-dsym";
				ENABLE_NS_ASSERTIONS = NO;
				ENABLE_STRICT_OBJC_MSGSEND = YES;
				GCC_C_LANGUAGE_STANDARD = gnu11;
				GCC_NO_COMMON_BLOCKS = YES;
				GCC_WARN_64_TO_32_BIT_CONVERSION = YES;
				GCC_WARN_ABOUT_RETURN_TYPE = YES_ERROR;
				GCC_WARN_UNDECLARED_SELECTOR = YES;
				GCC_WARN_UNINITIALIZED_AUTOS = YES_AGGRESSIVE;
				GCC_WARN_UNUSED_FUNCTION = YES;
				GCC_WARN_UNUSED_VARIABLE = YES;
				IPHONEOS_DEPLOYMENT_TARGET = 15.2;
				MTL_ENABLE_DEBUG_INFO = NO;
				MTL_FAST_MATH = YES;
				SDKROOT = iphoneos;
				SWIFT_COMPILATION_MODE = wholemodule;
				SWIFT_OPTIMIZATION_LEVEL = "-O";
				VALIDATE_PRODUCT = YES;
			};
			name = Release;
		};
		4F1E869827DA76B500085931 /* Debug */ = {
			isa = XCBuildConfiguration;
			baseConfigurationReference = 9B6D06221749375AE00DB1D3 /* Pods-YGO-VIPER.debug.xcconfig */;
			buildSettings = {
				ASSETCATALOG_COMPILER_APPICON_NAME = AppIcon;
				ASSETCATALOG_COMPILER_GLOBAL_ACCENT_COLOR_NAME = AccentColor;
				CODE_SIGN_STYLE = Automatic;
				CURRENT_PROJECT_VERSION = 1;
				DEVELOPMENT_TEAM = HH2G4F27BJ;
				GENERATE_INFOPLIST_FILE = YES;
				INFOPLIST_FILE = "YGO-VIPER/Info.plist";
				INFOPLIST_KEY_UIApplicationSupportsIndirectInputEvents = YES;
				INFOPLIST_KEY_UILaunchStoryboardName = LaunchScreen;
				INFOPLIST_KEY_UISupportedInterfaceOrientations_iPad = "UIInterfaceOrientationPortrait UIInterfaceOrientationPortraitUpsideDown UIInterfaceOrientationLandscapeLeft UIInterfaceOrientationLandscapeRight";
				INFOPLIST_KEY_UISupportedInterfaceOrientations_iPhone = "UIInterfaceOrientationPortrait UIInterfaceOrientationLandscapeLeft UIInterfaceOrientationLandscapeRight";
				LD_RUNPATH_SEARCH_PATHS = (
					"$(inherited)",
					"@executable_path/Frameworks",
				);
				MARKETING_VERSION = 1.0;
				PRODUCT_BUNDLE_IDENTIFIER = "com.najib.YGO-VIPER";
				PRODUCT_NAME = "$(TARGET_NAME)";
				SWIFT_EMIT_LOC_STRINGS = YES;
				SWIFT_VERSION = 5.0;
				TARGETED_DEVICE_FAMILY = "1,2";
			};
			name = Debug;
		};
		4F1E869927DA76B500085931 /* Release */ = {
			isa = XCBuildConfiguration;
			baseConfigurationReference = 1823615280F09F7A592FDAF4 /* Pods-YGO-VIPER.release.xcconfig */;
			buildSettings = {
				ASSETCATALOG_COMPILER_APPICON_NAME = AppIcon;
				ASSETCATALOG_COMPILER_GLOBAL_ACCENT_COLOR_NAME = AccentColor;
				CODE_SIGN_STYLE = Automatic;
				CURRENT_PROJECT_VERSION = 1;
				DEVELOPMENT_TEAM = HH2G4F27BJ;
				GENERATE_INFOPLIST_FILE = YES;
				INFOPLIST_FILE = "YGO-VIPER/Info.plist";
				INFOPLIST_KEY_UIApplicationSupportsIndirectInputEvents = YES;
				INFOPLIST_KEY_UILaunchStoryboardName = LaunchScreen;
				INFOPLIST_KEY_UISupportedInterfaceOrientations_iPad = "UIInterfaceOrientationPortrait UIInterfaceOrientationPortraitUpsideDown UIInterfaceOrientationLandscapeLeft UIInterfaceOrientationLandscapeRight";
				INFOPLIST_KEY_UISupportedInterfaceOrientations_iPhone = "UIInterfaceOrientationPortrait UIInterfaceOrientationLandscapeLeft UIInterfaceOrientationLandscapeRight";
				LD_RUNPATH_SEARCH_PATHS = (
					"$(inherited)",
					"@executable_path/Frameworks",
				);
				MARKETING_VERSION = 1.0;
				PRODUCT_BUNDLE_IDENTIFIER = "com.najib.YGO-VIPER";
				PRODUCT_NAME = "$(TARGET_NAME)";
				SWIFT_EMIT_LOC_STRINGS = YES;
				SWIFT_VERSION = 5.0;
				TARGETED_DEVICE_FAMILY = "1,2";
			};
			name = Release;
		};
/* End XCBuildConfiguration section */

/* Begin XCConfigurationList section */
		4F1E867E27DA76B400085931 /* Build configuration list for PBXProject "YGO-VIPER" */ = {
			isa = XCConfigurationList;
			buildConfigurations = (
				4F1E869527DA76B500085931 /* Debug */,
				4F1E869627DA76B500085931 /* Release */,
			);
			defaultConfigurationIsVisible = 0;
			defaultConfigurationName = Release;
		};
		4F1E869727DA76B500085931 /* Build configuration list for PBXNativeTarget "YGO-VIPER" */ = {
			isa = XCConfigurationList;
			buildConfigurations = (
				4F1E869827DA76B500085931 /* Debug */,
				4F1E869927DA76B500085931 /* Release */,
			);
			defaultConfigurationIsVisible = 0;
			defaultConfigurationName = Release;
		};
/* End XCConfigurationList section */
	};
	rootObject = 4F1E867B27DA76B400085931 /* Project object */;
}
